
Microsoft Visual Studio Solution File, Format Version 12.00
# Visual Studio Version 16
VisualStudioVersion = 16.0.31005.135
MinimumVisualStudioVersion = 10.0.40219.1
Project("{FAE04EC0-301F-11D3-BF4B-00C04F79EFBC}") = "012_Lupe_For", "012_Lupe_For\012_Lupe_For.csproj", "{EEA188A8-8176-4BF4-820C-87877EA74692}"
EndProject
Global
	GlobalSection(SolutionConfigurationPlatforms) = preSolution
		Debug|Any CPU = Debug|Any CPU
		Release|Any CPU = Release|Any CPU
	EndGlobalSection
	GlobalSection(ProjectConfigurationPlatforms) = postSolution
		{EEA188A8-8176-4BF4-820C-87877EA74692}.Debug|Any CPU.ActiveCfg = Debug|Any CPU
		{EEA188A8-8176-4BF4-820C-87877EA74692}.Debug|Any CPU.Build.0 = Debug|Any CPU
		{EEA188A8-8176-4BF4-820C-87877EA74692}.Release|Any CPU.ActiveCfg = Release|Any CPU
		{EEA188A8-8176-4BF4-820C-87877EA74692}.Release|Any CPU.Build.0 = Release|Any CPU
	EndGlobalSection
	GlobalSection(SolutionProperties) = preSolution
		HideSolutionNode = FALSE
	EndGlobalSection
	GlobalSection(ExtensibilityGlobals) = postSolution
		SolutionGuid = {8299C25B-91BF-46E9-BAF9-F75A9D0DCB48}
	EndGlobalSection
EndGlobal
